
Microsoft Visual Studio Solution File, Format Version 12.00
# Visual Studio Version 16
VisualStudioVersion = 16.0.28407.52
MinimumVisualStudioVersion = 10.0.40219.1
Project("{FAE04EC0-301F-11D3-BF4B-00C04F79EFBC}") = "AppTarefaXamarin.UWP", "AppTarefaXamarin\AppTarefaXamarin.UWP\AppTarefaXamarin.UWP.csproj", "{46C85C85-9B46-4C65-96FB-1F7926F16FF7}"
EndProject
Project("{FAE04EC0-301F-11D3-BF4B-00C04F79EFBC}") = "AppTarefaXamarin.Android", "AppTarefaXamarin\AppTarefaXamarin.Android\AppTarefaXamarin.Android.csproj", "{D118DB1A-6042-40C4-AD81-45F16937C246}"
EndProject
Project("{FAE04EC0-301F-11D3-BF4B-00C04F79EFBC}") = "AppTarefaXamarin.iOS", "AppTarefaXamarin\AppTarefaXamarin.iOS\AppTarefaXamarin.iOS.csproj", "{96DD4AAE-F958-45DB-9EAF-A0056AEB2178}"
EndProject
Project("{FAE04EC0-301F-11D3-BF4B-00C04F79EFBC}") = "AppTarefaXamarin", "AppTarefaXamarin\AppTarefaXamarin\AppTarefaXamarin.csproj", "{3F43CE40-C90D-41E7-87C8-9FE2F60DCA66}"
EndProject
Global
	GlobalSection(SolutionConfigurationPlatforms) = preSolution
		Ad-Hoc|Any CPU = Ad-Hoc|Any CPU
		Ad-Hoc|ARM = Ad-Hoc|ARM
		Ad-Hoc|iPhone = Ad-Hoc|iPhone
		Ad-Hoc|iPhoneSimulator = Ad-Hoc|iPhoneSimulator
		Ad-Hoc|x64 = Ad-Hoc|x64
		Ad-Hoc|x86 = Ad-Hoc|x86
		AppStore|Any CPU = AppStore|Any CPU
		AppStore|ARM = AppStore|ARM
		AppStore|iPhone = AppStore|iPhone
		AppStore|iPhoneSimulator = AppStore|iPhoneSimulator
		AppStore|x64 = AppStore|x64
		AppStore|x86 = AppStore|x86
		Debug|Any CPU = Debug|Any CPU
		Debug|ARM = Debug|ARM
		Debug|iPhone = Debug|iPhone
		Debug|iPhoneSimulator = Debug|iPhoneSimulator
		Debug|x64 = Debug|x64
		Debug|x86 = Debug|x86
		Release|Any CPU = Release|Any CPU
		Release|ARM = Release|ARM
		Release|iPhone = Release|iPhone
		Release|iPhoneSimulator = Release|iPhoneSimulator
		Release|x64 = Release|x64
		Release|x86 = Release|x86
	EndGlobalSection
	GlobalSection(ProjectConfigurationPlatforms) = postSolution
		{46C85C85-9B46-4C65-96FB-1F7926F16FF7}.Ad-Hoc|Any CPU.ActiveCfg = Release|x86
		{46C85C85-9B46-4C65-96FB-1F7926F16FF7}.Ad-Hoc|Any CPU.Build.0 = Release|x86
		{46C85C85-9B46-4C65-96FB-1F7926F16FF7}.Ad-Hoc|Any CPU.Deploy.0 = Release|x86
		{46C85C85-9B46-4C65-96FB-1F7926F16FF7}.Ad-Hoc|ARM.ActiveCfg = Release|ARM
		{46C85C85-9B46-4C65-96FB-1F7926F16FF7}.Ad-Hoc|ARM.Build.0 = Release|ARM
		{46C85C85-9B46-4C65-96FB-1F7926F16FF7}.Ad-Hoc|ARM.Deploy.0 = Release|ARM
		{46C85C85-9B46-4C65-96FB-1F7926F16FF7}.Ad-Hoc|iPhone.ActiveCfg = Release|x86
		{46C85C85-9B46-4C65-96FB-1F7926F16FF7}.Ad-Hoc|iPhone.Build.0 = Release|x86
		{46C85C85-9B46-4C65-96FB-1F7926F16FF7}.Ad-Hoc|iPhone.Deploy.0 = Release|x86
		{46C85C85-9B46-4C65-96FB-1F7926F16FF7}.Ad-Hoc|iPhoneSimulator.ActiveCfg = Release|x86
		{46C85C85-9B46-4C65-96FB-1F7926F16FF7}.Ad-Hoc|iPhoneSimulator.Build.0 = Release|x86
		{46C85C85-9B46-4C65-96FB-1F7926F16FF7}.Ad-Hoc|iPhoneSimulator.Deploy.0 = Release|x86
		{46C85C85-9B46-4C65-96FB-1F7926F16FF7}.Ad-Hoc|x64.ActiveCfg = Release|x64
		{46C85C85-9B46-4C65-96FB-1F7926F16FF7}.Ad-Hoc|x64.Build.0 = Release|x64
		{46C85C85-9B46-4C65-96FB-1F7926F16FF7}.Ad-Hoc|x64.Deploy.0 = Release|x64
		{46C85C85-9B46-4C65-96FB-1F7926F16FF7}.Ad-Hoc|x86.ActiveCfg = Release|x86
		{46C85C85-9B46-4C65-96FB-1F7926F16FF7}.Ad-Hoc|x86.Build.0 = Release|x86
		{46C85C85-9B46-4C65-96FB-1F7926F16FF7}.Ad-Hoc|x86.Deploy.0 = Release|x86
		{46C85C85-9B46-4C65-96FB-1F7926F16FF7}.AppStore|Any CPU.ActiveCfg = Release|x86
		{46C85C85-9B46-4C65-96FB-1F7926F16FF7}.AppStore|Any CPU.Build.0 = Release|x86
		{46C85C85-9B46-4C65-96FB-1F7926F16FF7}.AppStore|Any CPU.Deploy.0 = Release|x86
		{46C85C85-9B46-4C65-96FB-1F7926F16FF7}.AppStore|ARM.ActiveCfg = Release|ARM
		{46C85C85-9B46-4C65-96FB-1F7926F16FF7}.AppStore|ARM.Build.0 = Release|ARM
		{46C85C85-9B46-4C65-96FB-1F7926F16FF7}.AppStore|ARM.Deploy.0 = Release|ARM
		{46C85C85-9B46-4C65-96FB-1F7926F16FF7}.AppStore|iPhone.ActiveCfg = Release|x86
		{46C85C85-9B46-4C65-96FB-1F7926F16FF7}.AppStore|iPhone.Build.0 = Release|x86
		{46C85C85-9B46-4C65-96FB-1F7926F16FF7}.AppStore|iPhone.Deploy.0 = Release|x86
		{46C85C85-9B46-4C65-96FB-1F7926F16FF7}.AppStore|iPhoneSimulator.ActiveCfg = Release|x86
		{46C85C85-9B46-4C65-96FB-1F7926F16FF7}.AppStore|iPhoneSimulator.Build.0 = Release|x86
		{46C85C85-9B46-4C65-96FB-1F7926F16FF7}.AppStore|iPhoneSimulator.Deploy.0 = Release|x86
		{46C85C85-9B46-4C65-96FB-1F7926F16FF7}.AppStore|x64.ActiveCfg = Release|x64
		{46C85C85-9B46-4C65-96FB-1F7926F16FF7}.AppStore|x64.Build.0 = Release|x64
		{46C85C85-9B46-4C65-96FB-1F7926F16FF7}.AppStore|x64.Deploy.0 = Release|x64
		{46C85C85-9B46-4C65-96FB-1F7926F16FF7}.AppStore|x86.ActiveCfg = Release|x86
		{46C85C85-9B46-4C65-96FB-1F7926F16FF7}.AppStore|x86.Build.0 = Release|x86
		{46C85C85-9B46-4C65-96FB-1F7926F16FF7}.AppStore|x86.Deploy.0 = Release|x86
		{46C85C85-9B46-4C65-96FB-1F7926F16FF7}.Debug|Any CPU.ActiveCfg = Debug|x86
		{46C85C85-9B46-4C65-96FB-1F7926F16FF7}.Debug|Any CPU.Build.0 = Debug|x86
		{46C85C85-9B46-4C65-96FB-1F7926F16FF7}.Debug|Any CPU.Deploy.0 = Debug|x86
		{46C85C85-9B46-4C65-96FB-1F7926F16FF7}.Debug|ARM.ActiveCfg = Debug|ARM
		{46C85C85-9B46-4C65-96FB-1F7926F16FF7}.Debug|ARM.Build.0 = Debug|ARM
		{46C85C85-9B46-4C65-96FB-1F7926F16FF7}.Debug|ARM.Deploy.0 = Debug|ARM
		{46C85C85-9B46-4C65-96FB-1F7926F16FF7}.Debug|iPhone.ActiveCfg = Debug|x86
		{46C85C85-9B46-4C65-96FB-1F7926F16FF7}.Debug|iPhone.Build.0 = Debug|x86
		{46C85C85-9B46-4C65-96FB-1F7926F16FF7}.Debug|iPhone.Deploy.0 = Debug|x86
		{46C85C85-9B46-4C65-96FB-1F7926F16FF7}.Debug|iPhoneSimulator.ActiveCfg = Debug|x86
		{46C85C85-9B46-4C65-96FB-1F7926F16FF7}.Debug|iPhoneSimulator.Build.0 = Debug|x86
		{46C85C85-9B46-4C65-96FB-1F7926F16FF7}.Debug|iPhoneSimulator.Deploy.0 = Debug|x86
		{46C85C85-9B46-4C65-96FB-1F7926F16FF7}.Debug|x64.ActiveCfg = Debug|x64
		{46C85C85-9B46-4C65-96FB-1F7926F16FF7}.Debug|x64.Build.0 = Debug|x64
		{46C85C85-9B46-4C65-96FB-1F7926F16FF7}.Debug|x64.Deploy.0 = Debug|x64
		{46C85C85-9B46-4C65-96FB-1F7926F16FF7}.Debug|x86.ActiveCfg = Debug|x86
		{46C85C85-9B46-4C65-96FB-1F7926F16FF7}.Debug|x86.Build.0 = Debug|x86
		{46C85C85-9B46-4C65-96FB-1F7926F16FF7}.Debug|x86.Deploy.0 = Debug|x86
		{46C85C85-9B46-4C65-96FB-1F7926F16FF7}.Release|Any CPU.ActiveCfg = Release|x86
		{46C85C85-9B46-4C65-96FB-1F7926F16FF7}.Release|Any CPU.Build.0 = Release|x86
		{46C85C85-9B46-4C65-96FB-1F7926F16FF7}.Release|Any CPU.Deploy.0 = Release|x86
		{46C85C85-9B46-4C65-96FB-1F7926F16FF7}.Release|ARM.ActiveCfg = Release|ARM
		{46C85C85-9B46-4C65-96FB-1F7926F16FF7}.Release|ARM.Build.0 = Release|ARM
		{46C85C85-9B46-4C65-96FB-1F7926F16FF7}.Release|ARM.Deploy.0 = Release|ARM
		{46C85C85-9B46-4C65-96FB-1F7926F16FF7}.Release|iPhone.ActiveCfg = Release|x86
		{46C85C85-9B46-4C65-96FB-1F7926F16FF7}.Release|iPhone.Build.0 = Release|x86
		{46C85C85-9B46-4C65-96FB-1F7926F16FF7}.Release|iPhone.Deploy.0 = Release|x86
		{46C85C85-9B46-4C65-96FB-1F7926F16FF7}.Release|iPhoneSimulator.ActiveCfg = Release|x86
		{46C85C85-9B46-4C65-96FB-1F7926F16FF7}.Release|iPhoneSimulator.Build.0 = Release|x86
		{46C85C85-9B46-4C65-96FB-1F7926F16FF7}.Release|iPhoneSimulator.Deploy.0 = Release|x86
		{46C85C85-9B46-4C65-96FB-1F7926F16FF7}.Release|x64.ActiveCfg = Release|x64
		{46C85C85-9B46-4C65-96FB-1F7926F16FF7}.Release|x64.Build.0 = Release|x64
		{46C85C85-9B46-4C65-96FB-1F7926F16FF7}.Release|x64.Deploy.0 = Release|x64
		{46C85C85-9B46-4C65-96FB-1F7926F16FF7}.Release|x86.ActiveCfg = Release|x86
		{46C85C85-9B46-4C65-96FB-1F7926F16FF7}.Release|x86.Build.0 = Release|x86
		{46C85C85-9B46-4C65-96FB-1F7926F16FF7}.Release|x86.Deploy.0 = Release|x86
		{D118DB1A-6042-40C4-AD81-45F16937C246}.Ad-Hoc|Any CPU.ActiveCfg = Release|Any CPU
		{D118DB1A-6042-40C4-AD81-45F16937C246}.Ad-Hoc|Any CPU.Build.0 = Release|Any CPU
		{D118DB1A-6042-40C4-AD81-45F16937C246}.Ad-Hoc|Any CPU.Deploy.0 = Release|Any CPU
		{D118DB1A-6042-40C4-AD81-45F16937C246}.Ad-Hoc|ARM.ActiveCfg = Release|Any CPU
		{D118DB1A-6042-40C4-AD81-45F16937C246}.Ad-Hoc|ARM.Build.0 = Release|Any CPU
		{D118DB1A-6042-40C4-AD81-45F16937C246}.Ad-Hoc|ARM.Deploy.0 = Release|Any CPU
		{D118DB1A-6042-40C4-AD81-45F16937C246}.Ad-Hoc|iPhone.ActiveCfg = Release|Any CPU
		{D118DB1A-6042-40C4-AD81-45F16937C246}.Ad-Hoc|iPhone.Build.0 = Release|Any CPU
		{D118DB1A-6042-40C4-AD81-45F16937C246}.Ad-Hoc|iPhone.Deploy.0 = Release|Any CPU
		{D118DB1A-6042-40C4-AD81-45F16937C246}.Ad-Hoc|iPhoneSimulator.ActiveCfg = Release|Any CPU
		{D118DB1A-6042-40C4-AD81-45F16937C246}.Ad-Hoc|iPhoneSimulator.Build.0 = Release|Any CPU
		{D118DB1A-6042-40C4-AD81-45F16937C246}.Ad-Hoc|iPhoneSimulator.Deploy.0 = Release|Any CPU
		{D118DB1A-6042-40C4-AD81-45F16937C246}.Ad-Hoc|x64.ActiveCfg = Release|Any CPU
		{D118DB1A-6042-40C4-AD81-45F16937C246}.Ad-Hoc|x64.Build.0 = Release|Any CPU
		{D118DB1A-6042-40C4-AD81-45F16937C246}.Ad-Hoc|x64.Deploy.0 = Release|Any CPU
		{D118DB1A-6042-40C4-AD81-45F16937C246}.Ad-Hoc|x86.ActiveCfg = Release|Any CPU
		{D118DB1A-6042-40C4-AD81-45F16937C246}.Ad-Hoc|x86.Build.0 = Release|Any CPU
		{D118DB1A-6042-40C4-AD81-45F16937C246}.Ad-Hoc|x86.Deploy.0 = Release|Any CPU
		{D118DB1A-6042-40C4-AD81-45F16937C246}.AppStore|Any CPU.ActiveCfg = Release|Any CPU
		{D118DB1A-6042-40C4-AD81-45F16937C246}.AppStore|Any CPU.Build.0 = Release|Any CPU
		{D118DB1A-6042-40C4-AD81-45F16937C246}.AppStore|Any CPU.Deploy.0 = Release|Any CPU
		{D118DB1A-6042-40C4-AD81-45F16937C246}.AppStore|ARM.ActiveCfg = Release|Any CPU
		{D118DB1A-6042-40C4-AD81-45F16937C246}.AppStore|ARM.Build.0 = Release|Any CPU
		{D118DB1A-6042-40C4-AD81-45F16937C246}.AppStore|ARM.Deploy.0 = Release|Any CPU
		{D118DB1A-6042-40C4-AD81-45F16937C246}.AppStore|iPhone.ActiveCfg = Release|Any CPU
		{D118DB1A-6042-40C4-AD81-45F16937C246}.AppStore|iPhone.Build.0 = Release|Any CPU
		{D118DB1A-6042-40C4-AD81-45F16937C246}.AppStore|iPhone.Deploy.0 = Release|Any CPU
		{D118DB1A-6042-40C4-AD81-45F16937C246}.AppStore|iPhoneSimulator.ActiveCfg = Release|Any CPU
		{D118DB1A-6042-40C4-AD81-45F16937C246}.AppStore|iPhoneSimulator.Build.0 = Release|Any CPU
		{D118DB1A-6042-40C4-AD81-45F16937C246}.AppStore|iPhoneSimulator.Deploy.0 = Release|Any CPU
		{D118DB1A-6042-40C4-AD81-45F16937C246}.AppStore|x64.ActiveCfg = Release|Any CPU
		{D118DB1A-6042-40C4-AD81-45F16937C246}.AppStore|x64.Build.0 = Release|Any CPU
		{D118DB1A-6042-40C4-AD81-45F16937C246}.AppStore|x64.Deploy.0 = Release|Any CPU
		{D118DB1A-6042-40C4-AD81-45F16937C246}.AppStore|x86.ActiveCfg = Release|Any CPU
		{D118DB1A-6042-40C4-AD81-45F16937C246}.AppStore|x86.Build.0 = Release|Any CPU
		{D118DB1A-6042-40C4-AD81-45F16937C246}.AppStore|x86.Deploy.0 = Release|Any CPU
		{D118DB1A-6042-40C4-AD81-45F16937C246}.Debug|Any CPU.ActiveCfg = Debug|Any CPU
		{D118DB1A-6042-40C4-AD81-45F16937C246}.Debug|Any CPU.Build.0 = Debug|Any CPU
		{D118DB1A-6042-40C4-AD81-45F16937C246}.Debug|Any CPU.Deploy.0 = Debug|Any CPU
		{D118DB1A-6042-40C4-AD81-45F16937C246}.Debug|ARM.ActiveCfg = Debug|Any CPU
		{D118DB1A-6042-40C4-AD81-45F16937C246}.Debug|ARM.Build.0 = Debug|Any CPU
		{D118DB1A-6042-40C4-AD81-45F16937C246}.Debug|ARM.Deploy.0 = Debug|Any CPU
		{D118DB1A-6042-40C4-AD81-45F16937C246}.Debug|iPhone.ActiveCfg = Debug|Any CPU
		{D118DB1A-6042-40C4-AD81-45F16937C246}.Debug|iPhone.Build.0 = Debug|Any CPU
		{D118DB1A-6042-40C4-AD81-45F16937C246}.Debug|iPhone.Deploy.0 = Debug|Any CPU
		{D118DB1A-6042-40C4-AD81-45F16937C246}.Debug|iPhoneSimulator.ActiveCfg = Debug|Any CPU
		{D118DB1A-6042-40C4-AD81-45F16937C246}.Debug|iPhoneSimulator.Build.0 = Debug|Any CPU
		{D118DB1A-6042-40C4-AD81-45F16937C246}.Debug|iPhoneSimulator.Deploy.0 = Debug|Any CPU
		{D118DB1A-6042-40C4-AD81-45F16937C246}.Debug|x64.ActiveCfg = Debug|Any CPU
		{D118DB1A-6042-40C4-AD81-45F16937C246}.Debug|x64.Build.0 = Debug|Any CPU
		{D118DB1A-6042-40C4-AD81-45F16937C246}.Debug|x64.Deploy.0 = Debug|Any CPU
		{D118DB1A-6042-40C4-AD81-45F16937C246}.Debug|x86.ActiveCfg = Debug|Any CPU
		{D118DB1A-6042-40C4-AD81-45F16937C246}.Debug|x86.Build.0 = Debug|Any CPU
		{D118DB1A-6042-40C4-AD81-45F16937C246}.Debug|x86.Deploy.0 = Debug|Any CPU
		{D118DB1A-6042-40C4-AD81-45F16937C246}.Release|Any CPU.ActiveCfg = Release|Any CPU
		{D118DB1A-6042-40C4-AD81-45F16937C246}.Release|Any CPU.Build.0 = Release|Any CPU
		{D118DB1A-6042-40C4-AD81-45F16937C246}.Release|Any CPU.Deploy.0 = Release|Any CPU
		{D118DB1A-6042-40C4-AD81-45F16937C246}.Release|ARM.ActiveCfg = Release|Any CPU
		{D118DB1A-6042-40C4-AD81-45F16937C246}.Release|ARM.Build.0 = Release|Any CPU
		{D118DB1A-6042-40C4-AD81-45F16937C246}.Release|ARM.Deploy.0 = Release|Any CPU
		{D118DB1A-6042-40C4-AD81-45F16937C246}.Release|iPhone.ActiveCfg = Release|Any CPU
		{D118DB1A-6042-40C4-AD81-45F16937C246}.Release|iPhone.Build.0 = Release|Any CPU
		{D118DB1A-6042-40C4-AD81-45F16937C246}.Release|iPhone.Deploy.0 = Release|Any CPU
		{D118DB1A-6042-40C4-AD81-45F16937C246}.Release|iPhoneSimulator.ActiveCfg = Release|Any CPU
		{D118DB1A-6042-40C4-AD81-45F16937C246}.Release|iPhoneSimulator.Build.0 = Release|Any CPU
		{D118DB1A-6042-40C4-AD81-45F16937C246}.Release|iPhoneSimulator.Deploy.0 = Release|Any CPU
		{D118DB1A-6042-40C4-AD81-45F16937C246}.Release|x64.ActiveCfg = Release|Any CPU
		{D118DB1A-6042-40C4-AD81-45F16937C246}.Release|x64.Build.0 = Release|Any CPU
		{D118DB1A-6042-40C4-AD81-45F16937C246}.Release|x64.Deploy.0 = Release|Any CPU
		{D118DB1A-6042-40C4-AD81-45F16937C246}.Release|x86.ActiveCfg = Release|Any CPU
		{D118DB1A-6042-40C4-AD81-45F16937C246}.Release|x86.Build.0 = Release|Any CPU
		{D118DB1A-6042-40C4-AD81-45F16937C246}.Release|x86.Deploy.0 = Release|Any CPU
		{96DD4AAE-F958-45DB-9EAF-A0056AEB2178}.Ad-Hoc|Any CPU.ActiveCfg = Ad-Hoc|iPhone
		{96DD4AAE-F958-45DB-9EAF-A0056AEB2178}.Ad-Hoc|Any CPU.Build.0 = Ad-Hoc|iPhone
		{96DD4AAE-F958-45DB-9EAF-A0056AEB2178}.Ad-Hoc|Any CPU.Deploy.0 = Ad-Hoc|iPhone
		{96DD4AAE-F958-45DB-9EAF-A0056AEB2178}.Ad-Hoc|ARM.ActiveCfg = Ad-Hoc|iPhone
		{96DD4AAE-F958-45DB-9EAF-A0056AEB2178}.Ad-Hoc|ARM.Build.0 = Ad-Hoc|iPhone
		{96DD4AAE-F958-45DB-9EAF-A0056AEB2178}.Ad-Hoc|ARM.Deploy.0 = Ad-Hoc|iPhone
		{96DD4AAE-F958-45DB-9EAF-A0056AEB2178}.Ad-Hoc|iPhone.ActiveCfg = Ad-Hoc|iPhone
		{96DD4AAE-F958-45DB-9EAF-A0056AEB2178}.Ad-Hoc|iPhone.Build.0 = Ad-Hoc|iPhone
		{96DD4AAE-F958-45DB-9EAF-A0056AEB2178}.Ad-Hoc|iPhone.Deploy.0 = Ad-Hoc|iPhone
		{96DD4AAE-F958-45DB-9EAF-A0056AEB2178}.Ad-Hoc|iPhoneSimulator.ActiveCfg = Ad-Hoc|iPhoneSimulator
		{96DD4AAE-F958-45DB-9EAF-A0056AEB2178}.Ad-Hoc|iPhoneSimulator.Build.0 = Ad-Hoc|iPhoneSimulator
		{96DD4AAE-F958-45DB-9EAF-A0056AEB2178}.Ad-Hoc|iPhoneSimulator.Deploy.0 = Ad-Hoc|iPhoneSimulator
		{96DD4AAE-F958-45DB-9EAF-A0056AEB2178}.Ad-Hoc|x64.ActiveCfg = Ad-Hoc|iPhone
		{96DD4AAE-F958-45DB-9EAF-A0056AEB2178}.Ad-Hoc|x64.Build.0 = Ad-Hoc|iPhone
		{96DD4AAE-F958-45DB-9EAF-A0056AEB2178}.Ad-Hoc|x64.Deploy.0 = Ad-Hoc|iPhone
		{96DD4AAE-F958-45DB-9EAF-A0056AEB2178}.Ad-Hoc|x86.ActiveCfg = Ad-Hoc|iPhone
		{96DD4AAE-F958-45DB-9EAF-A0056AEB2178}.Ad-Hoc|x86.Build.0 = Ad-Hoc|iPhone
		{96DD4AAE-F958-45DB-9EAF-A0056AEB2178}.Ad-Hoc|x86.Deploy.0 = Ad-Hoc|iPhone
		{96DD4AAE-F958-45DB-9EAF-A0056AEB2178}.AppStore|Any CPU.ActiveCfg = AppStore|iPhone
		{96DD4AAE-F958-45DB-9EAF-A0056AEB2178}.AppStore|Any CPU.Build.0 = AppStore|iPhone
		{96DD4AAE-F958-45DB-9EAF-A0056AEB2178}.AppStore|Any CPU.Deploy.0 = AppStore|iPhone
		{96DD4AAE-F958-45DB-9EAF-A0056AEB2178}.AppStore|ARM.ActiveCfg = AppStore|iPhone
		{96DD4AAE-F958-45DB-9EAF-A0056AEB2178}.AppStore|ARM.Build.0 = AppStore|iPhone
		{96DD4AAE-F958-45DB-9EAF-A0056AEB2178}.AppStore|ARM.Deploy.0 = AppStore|iPhone
		{96DD4AAE-F958-45DB-9EAF-A0056AEB2178}.AppStore|iPhone.ActiveCfg = AppStore|iPhone
		{96DD4AAE-F958-45DB-9EAF-A0056AEB2178}.AppStore|iPhone.Build.0 = AppStore|iPhone
		{96DD4AAE-F958-45DB-9EAF-A0056AEB2178}.AppStore|iPhone.Deploy.0 = AppStore|iPhone
		{96DD4AAE-F958-45DB-9EAF-A0056AEB2178}.AppStore|iPhoneSimulator.ActiveCfg = AppStore|iPhoneSimulator
		{96DD4AAE-F958-45DB-9EAF-A0056AEB2178}.AppStore|iPhoneSimulator.Build.0 = AppStore|iPhoneSimulator
		{96DD4AAE-F958-45DB-9EAF-A0056AEB2178}.AppStore|iPhoneSimulator.Deploy.0 = AppStore|iPhoneSimulator
		{96DD4AAE-F958-45DB-9EAF-A0056AEB2178}.AppStore|x64.ActiveCfg = AppStore|iPhone
		{96DD4AAE-F958-45DB-9EAF-A0056AEB2178}.AppStore|x64.Build.0 = AppStore|iPhone
		{96DD4AAE-F958-45DB-9EAF-A0056AEB2178}.AppStore|x64.Deploy.0 = AppStore|iPhone
		{96DD4AAE-F958-45DB-9EAF-A0056AEB2178}.AppStore|x86.ActiveCfg = AppStore|iPhone
		{96DD4AAE-F958-45DB-9EAF-A0056AEB2178}.AppStore|x86.Build.0 = AppStore|iPhone
		{96DD4AAE-F958-45DB-9EAF-A0056AEB2178}.AppStore|x86.Deploy.0 = AppStore|iPhone
		{96DD4AAE-F958-45DB-9EAF-A0056AEB2178}.Debug|Any CPU.ActiveCfg = Debug|iPhone
		{96DD4AAE-F958-45DB-9EAF-A0056AEB2178}.Debug|Any CPU.Build.0 = Debug|iPhone
		{96DD4AAE-F958-45DB-9EAF-A0056AEB2178}.Debug|Any CPU.Deploy.0 = Debug|iPhone
		{96DD4AAE-F958-45DB-9EAF-A0056AEB2178}.Debug|ARM.ActiveCfg = Debug|iPhoneSimulator
		{96DD4AAE-F958-45DB-9EAF-A0056AEB2178}.Debug|ARM.Build.0 = Debug|iPhoneSimulator
		{96DD4AAE-F958-45DB-9EAF-A0056AEB2178}.Debug|ARM.Deploy.0 = Debug|iPhoneSimulator
		{96DD4AAE-F958-45DB-9EAF-A0056AEB2178}.Debug|iPhone.ActiveCfg = Debug|iPhone
		{96DD4AAE-F958-45DB-9EAF-A0056AEB2178}.Debug|iPhone.Build.0 = Debug|iPhone
		{96DD4AAE-F958-45DB-9EAF-A0056AEB2178}.Debug|iPhone.Deploy.0 = Debug|iPhone
		{96DD4AAE-F958-45DB-9EAF-A0056AEB2178}.Debug|iPhoneSimulator.ActiveCfg = Debug|iPhoneSimulator
		{96DD4AAE-F958-45DB-9EAF-A0056AEB2178}.Debug|iPhoneSimulator.Build.0 = Debug|iPhoneSimulator
		{96DD4AAE-F958-45DB-9EAF-A0056AEB2178}.Debug|iPhoneSimulator.Deploy.0 = Debug|iPhoneSimulator
		{96DD4AAE-F958-45DB-9EAF-A0056AEB2178}.Debug|x64.ActiveCfg = Debug|iPhone
		{96DD4AAE-F958-45DB-9EAF-A0056AEB2178}.Debug|x64.Build.0 = Debug|iPhone
		{96DD4AAE-F958-45DB-9EAF-A0056AEB2178}.Debug|x64.Deploy.0 = Debug|iPhone
		{96DD4AAE-F958-45DB-9EAF-A0056AEB2178}.Debug|x86.ActiveCfg = Debug|iPhone
		{96DD4AAE-F958-45DB-9EAF-A0056AEB2178}.Debug|x86.Build.0 = Debug|iPhone
		{96DD4AAE-F958-45DB-9EAF-A0056AEB2178}.Debug|x86.Deploy.0 = Debug|iPhone
		{96DD4AAE-F958-45DB-9EAF-A0056AEB2178}.Release|Any CPU.ActiveCfg = Release|iPhone
		{96DD4AAE-F958-45DB-9EAF-A0056AEB2178}.Release|Any CPU.Build.0 = Release|iPhone
		{96DD4AAE-F958-45DB-9EAF-A0056AEB2178}.Release|Any CPU.Deploy.0 = Release|iPhone
		{96DD4AAE-F958-45DB-9EAF-A0056AEB2178}.Release|ARM.ActiveCfg = Release|iPhone
		{96DD4AAE-F958-45DB-9EAF-A0056AEB2178}.Release|ARM.Build.0 = Release|iPhone
		{96DD4AAE-F958-45DB-9EAF-A0056AEB2178}.Release|ARM.Deploy.0 = Release|iPhone
		{96DD4AAE-F958-45DB-9EAF-A0056AEB2178}.Release|iPhone.ActiveCfg = Release|iPhone
		{96DD4AAE-F958-45DB-9EAF-A0056AEB2178}.Release|iPhone.Build.0 = Release|iPhone
		{96DD4AAE-F958-45DB-9EAF-A0056AEB2178}.Release|iPhone.Deploy.0 = Release|iPhone
		{96DD4AAE-F958-45DB-9EAF-A0056AEB2178}.Release|iPhoneSimulator.ActiveCfg = Release|iPhoneSimulator
		{96DD4AAE-F958-45DB-9EAF-A0056AEB2178}.Release|iPhoneSimulator.Build.0 = Release|iPhoneSimulator
		{96DD4AAE-F958-45DB-9EAF-A0056AEB2178}.Release|iPhoneSimulator.Deploy.0 = Release|iPhoneSimulator
		{96DD4AAE-F958-45DB-9EAF-A0056AEB2178}.Release|x64.ActiveCfg = Release|iPhone
		{96DD4AAE-F958-45DB-9EAF-A0056AEB2178}.Release|x64.Build.0 = Release|iPhone
		{96DD4AAE-F958-45DB-9EAF-A0056AEB2178}.Release|x64.Deploy.0 = Release|iPhone
		{96DD4AAE-F958-45DB-9EAF-A0056AEB2178}.Release|x86.ActiveCfg = Release|iPhone
		{96DD4AAE-F958-45DB-9EAF-A0056AEB2178}.Release|x86.Build.0 = Release|iPhone
		{96DD4AAE-F958-45DB-9EAF-A0056AEB2178}.Release|x86.Deploy.0 = Release|iPhone
		{3F43CE40-C90D-41E7-87C8-9FE2F60DCA66}.Ad-Hoc|Any CPU.ActiveCfg = Debug|Any CPU
		{3F43CE40-C90D-41E7-87C8-9FE2F60DCA66}.Ad-Hoc|Any CPU.Build.0 = Debug|Any CPU
		{3F43CE40-C90D-41E7-87C8-9FE2F60DCA66}.Ad-Hoc|Any CPU.Deploy.0 = Debug|Any CPU
		{3F43CE40-C90D-41E7-87C8-9FE2F60DCA66}.Ad-Hoc|ARM.ActiveCfg = Debug|Any CPU
		{3F43CE40-C90D-41E7-87C8-9FE2F60DCA66}.Ad-Hoc|ARM.Build.0 = Debug|Any CPU
		{3F43CE40-C90D-41E7-87C8-9FE2F60DCA66}.Ad-Hoc|ARM.Deploy.0 = Debug|Any CPU
		{3F43CE40-C90D-41E7-87C8-9FE2F60DCA66}.Ad-Hoc|iPhone.ActiveCfg = Debug|Any CPU
		{3F43CE40-C90D-41E7-87C8-9FE2F60DCA66}.Ad-Hoc|iPhone.Build.0 = Debug|Any CPU
		{3F43CE40-C90D-41E7-87C8-9FE2F60DCA66}.Ad-Hoc|iPhone.Deploy.0 = Debug|Any CPU
		{3F43CE40-C90D-41E7-87C8-9FE2F60DCA66}.Ad-Hoc|iPhoneSimulator.ActiveCfg = Debug|Any CPU
		{3F43CE40-C90D-41E7-87C8-9FE2F60DCA66}.Ad-Hoc|iPhoneSimulator.Build.0 = Debug|Any CPU
		{3F43CE40-C90D-41E7-87C8-9FE2F60DCA66}.Ad-Hoc|iPhoneSimulator.Deploy.0 = Debug|Any CPU
		{3F43CE40-C90D-41E7-87C8-9FE2F60DCA66}.Ad-Hoc|x64.ActiveCfg = Debug|Any CPU
		{3F43CE40-C90D-41E7-87C8-9FE2F60DCA66}.Ad-Hoc|x64.Build.0 = Debug|Any CPU
		{3F43CE40-C90D-41E7-87C8-9FE2F60DCA66}.Ad-Hoc|x64.Deploy.0 = Debug|Any CPU
		{3F43CE40-C90D-41E7-87C8-9FE2F60DCA66}.Ad-Hoc|x86.ActiveCfg = Debug|Any CPU
		{3F43CE40-C90D-41E7-87C8-9FE2F60DCA66}.Ad-Hoc|x86.Build.0 = Debug|Any CPU
		{3F43CE40-C90D-41E7-87C8-9FE2F60DCA66}.Ad-Hoc|x86.Deploy.0 = Debug|Any CPU
		{3F43CE40-C90D-41E7-87C8-9FE2F60DCA66}.AppStore|Any CPU.ActiveCfg = Debug|Any CPU
		{3F43CE40-C90D-41E7-87C8-9FE2F60DCA66}.AppStore|Any CPU.Build.0 = Debug|Any CPU
		{3F43CE40-C90D-41E7-87C8-9FE2F60DCA66}.AppStore|Any CPU.Deploy.0 = Debug|Any CPU
		{3F43CE40-C90D-41E7-87C8-9FE2F60DCA66}.AppStore|ARM.ActiveCfg = Debug|Any CPU
		{3F43CE40-C90D-41E7-87C8-9FE2F60DCA66}.AppStore|ARM.Build.0 = Debug|Any CPU
		{3F43CE40-C90D-41E7-87C8-9FE2F60DCA66}.AppStore|ARM.Deploy.0 = Debug|Any CPU
		{3F43CE40-C90D-41E7-87C8-9FE2F60DCA66}.AppStore|iPhone.ActiveCfg = Debug|Any CPU
		{3F43CE40-C90D-41E7-87C8-9FE2F60DCA66}.AppStore|iPhone.Build.0 = Debug|Any CPU
		{3F43CE40-C90D-41E7-87C8-9FE2F60DCA66}.AppStore|iPhone.Deploy.0 = Debug|Any CPU
		{3F43CE40-C90D-41E7-87C8-9FE2F60DCA66}.AppStore|iPhoneSimulator.ActiveCfg = Debug|Any CPU
		{3F43CE40-C90D-41E7-87C8-9FE2F60DCA66}.AppStore|iPhoneSimulator.Build.0 = Debug|Any CPU
		{3F43CE40-C90D-41E7-87C8-9FE2F60DCA66}.AppStore|iPhoneSimulator.Deploy.0 = Debug|Any CPU
		{3F43CE40-C90D-41E7-87C8-9FE2F60DCA66}.AppStore|x64.ActiveCfg = Debug|Any CPU
		{3F43CE40-C90D-41E7-87C8-9FE2F60DCA66}.AppStore|x64.Build.0 = Debug|Any CPU
		{3F43CE40-C90D-41E7-87C8-9FE2F60DCA66}.AppStore|x64.Deploy.0 = Debug|Any CPU
		{3F43CE40-C90D-41E7-87C8-9FE2F60DCA66}.AppStore|x86.ActiveCfg = Debug|Any CPU
		{3F43CE40-C90D-41E7-87C8-9FE2F60DCA66}.AppStore|x86.Build.0 = Debug|Any CPU
		{3F43CE40-C90D-41E7-87C8-9FE2F60DCA66}.AppStore|x86.Deploy.0 = Debug|Any CPU
		{3F43CE40-C90D-41E7-87C8-9FE2F60DCA66}.Debug|Any CPU.ActiveCfg = Debug|Any CPU
		{3F43CE40-C90D-41E7-87C8-9FE2F60DCA66}.Debug|Any CPU.Build.0 = Debug|Any CPU
		{3F43CE40-C90D-41E7-87C8-9FE2F60DCA66}.Debug|Any CPU.Deploy.0 = Debug|Any CPU
		{3F43CE40-C90D-41E7-87C8-9FE2F60DCA66}.Debug|ARM.ActiveCfg = Debug|Any CPU
		{3F43CE40-C90D-41E7-87C8-9FE2F60DCA66}.Debug|ARM.Build.0 = Debug|Any CPU
		{3F43CE40-C90D-41E7-87C8-9FE2F60DCA66}.Debug|ARM.Deploy.0 = Debug|Any CPU
		{3F43CE40-C90D-41E7-87C8-9FE2F60DCA66}.Debug|iPhone.ActiveCfg = Debug|Any CPU
		{3F43CE40-C90D-41E7-87C8-9FE2F60DCA66}.Debug|iPhone.Build.0 = Debug|Any CPU
		{3F43CE40-C90D-41E7-87C8-9FE2F60DCA66}.Debug|iPhone.Deploy.0 = Debug|Any CPU
		{3F43CE40-C90D-41E7-87C8-9FE2F60DCA66}.Debug|iPhoneSimulator.ActiveCfg = Debug|Any CPU
		{3F43CE40-C90D-41E7-87C8-9FE2F60DCA66}.Debug|iPhoneSimulator.Build.0 = Debug|Any CPU
		{3F43CE40-C90D-41E7-87C8-9FE2F60DCA66}.Debug|iPhoneSimulator.Deploy.0 = Debug|Any CPU
		{3F43CE40-C90D-41E7-87C8-9FE2F60DCA66}.Debug|x64.ActiveCfg = Debug|Any CPU
		{3F43CE40-C90D-41E7-87C8-9FE2F60DCA66}.Debug|x64.Build.0 = Debug|Any CPU
		{3F43CE40-C90D-41E7-87C8-9FE2F60DCA66}.Debug|x64.Deploy.0 = Debug|Any CPU
		{3F43CE40-C90D-41E7-87C8-9FE2F60DCA66}.Debug|x86.ActiveCfg = Debug|Any CPU
		{3F43CE40-C90D-41E7-87C8-9FE2F60DCA66}.Debug|x86.Build.0 = Debug|Any CPU
		{3F43CE40-C90D-41E7-87C8-9FE2F60DCA66}.Debug|x86.Deploy.0 = Debug|Any CPU
		{3F43CE40-C90D-41E7-87C8-9FE2F60DCA66}.Release|Any CPU.ActiveCfg = Release|Any CPU
		{3F43CE40-C90D-41E7-87C8-9FE2F60DCA66}.Release|Any CPU.Build.0 = Release|Any CPU
		{3F43CE40-C90D-41E7-87C8-9FE2F60DCA66}.Release|Any CPU.Deploy.0 = Release|Any CPU
		{3F43CE40-C90D-41E7-87C8-9FE2F60DCA66}.Release|ARM.ActiveCfg = Release|Any CPU
		{3F43CE40-C90D-41E7-87C8-9FE2F60DCA66}.Release|ARM.Build.0 = Release|Any CPU
		{3F43CE40-C90D-41E7-87C8-9FE2F60DCA66}.Release|ARM.Deploy.0 = Release|Any CPU
		{3F43CE40-C90D-41E7-87C8-9FE2F60DCA66}.Release|iPhone.ActiveCfg = Release|Any CPU
		{3F43CE40-C90D-41E7-87C8-9FE2F60DCA66}.Release|iPhone.Build.0 = Release|Any CPU
		{3F43CE40-C90D-41E7-87C8-9FE2F60DCA66}.Release|iPhone.Deploy.0 = Release|Any CPU
		{3F43CE40-C90D-41E7-87C8-9FE2F60DCA66}.Release|iPhoneSimulator.ActiveCfg = Release|Any CPU
		{3F43CE40-C90D-41E7-87C8-9FE2F60DCA66}.Release|iPhoneSimulator.Build.0 = Release|Any CPU
		{3F43CE40-C90D-41E7-87C8-9FE2F60DCA66}.Release|iPhoneSimulator.Deploy.0 = Release|Any CPU
		{3F43CE40-C90D-41E7-87C8-9FE2F60DCA66}.Release|x64.ActiveCfg = Release|Any CPU
		{3F43CE40-C90D-41E7-87C8-9FE2F60DCA66}.Release|x64.Build.0 = Release|Any CPU
		{3F43CE40-C90D-41E7-87C8-9FE2F60DCA66}.Release|x64.Deploy.0 = Release|Any CPU
		{3F43CE40-C90D-41E7-87C8-9FE2F60DCA66}.Release|x86.ActiveCfg = Release|Any CPU
		{3F43CE40-C90D-41E7-87C8-9FE2F60DCA66}.Release|x86.Build.0 = Release|Any CPU
		{3F43CE40-C90D-41E7-87C8-9FE2F60DCA66}.Release|x86.Deploy.0 = Release|Any CPU
	EndGlobalSection
	GlobalSection(SolutionProperties) = preSolution
		HideSolutionNode = FALSE
	EndGlobalSection
	GlobalSection(ExtensibilityGlobals) = postSolution
		SolutionGuid = {A4860920-A827-4690-B8E3-D9337A573D1A}
	EndGlobalSection
EndGlobal
